// !$*UTF8*$!
{
	archiveVersion = 1;
	classes = {
	};
	objectVersion = 48;
	objects = {

/* Begin PBXBuildFile section */
		4640B7A22075673C002A6EA1 /* TrainController.swift in Sources */ = {isa = PBXBuildFile; fileRef = 4640B7A12075673C002A6EA1 /* TrainController.swift */; };
		465A199A2073F80A00FC8785 /* Main.storyboard in Resources */ = {isa = PBXBuildFile; fileRef = 465A19982073F80A00FC8785 /* Main.storyboard */; };
		465A199C2073F80A00FC8785 /* Assets.xcassets in Resources */ = {isa = PBXBuildFile; fileRef = 465A199B2073F80A00FC8785 /* Assets.xcassets */; };
		465A199F2073F80A00FC8785 /* LaunchScreen.storyboard in Resources */ = {isa = PBXBuildFile; fileRef = 465A199D2073F80A00FC8785 /* LaunchScreen.storyboard */; };
		46DE635B2073FAAF00C998E3 /* PlanetSwift.framework in Frameworks */ = {isa = PBXBuildFile; fileRef = 46DE635C2073FAAF00C998E3 /* PlanetSwift.framework */; };
		46DE635D2073FAC100C998E3 /* PlanetSwift.framework in Frameworks */ = {isa = PBXBuildFile; fileRef = 46DE635C2073FAAF00C998E3 /* PlanetSwift.framework */; };
		46DE635E2073FAC100C998E3 /* PlanetSwift.framework in Embed Frameworks */ = {isa = PBXBuildFile; fileRef = 46DE635C2073FAAF00C998E3 /* PlanetSwift.framework */; settings = {ATTRIBUTES = (CodeSignOnCopy, RemoveHeadersOnCopy, ); }; };
		46DE6364207404FC00C998E3 /* AppDelegate.swift in Sources */ = {isa = PBXBuildFile; fileRef = 46DE6361207404FC00C998E3 /* AppDelegate.swift */; };
		46DE6365207404FC00C998E3 /* MainController.swift in Sources */ = {isa = PBXBuildFile; fileRef = 46DE6363207404FC00C998E3 /* MainController.swift */; };
		46DE63672074051C00C998E3 /* Assets in Resources */ = {isa = PBXBuildFile; fileRef = 46DE63662074051C00C998E3 /* Assets */; };
		46DE636E2074058000C998E3 /* CameraCaptureHelper.swift in Sources */ = {isa = PBXBuildFile; fileRef = 46DE636A2074058000C998E3 /* CameraCaptureHelper.swift */; };
		46DE636F2074058000C998E3 /* UIControl+Closures.swift in Sources */ = {isa = PBXBuildFile; fileRef = 46DE636B2074058000C998E3 /* UIControl+Closures.swift */; };
		46DE63702074058000C998E3 /* UIView+FillSuperview.swift in Sources */ = {isa = PBXBuildFile; fileRef = 46DE636C2074058000C998E3 /* UIView+FillSuperview.swift */; };
		46DE63712074058000C998E3 /* String+ASCII.swift in Sources */ = {isa = PBXBuildFile; fileRef = 46DE636D2074058000C998E3 /* String+ASCII.swift */; };
		46DE63742074058800C998E3 /* PredictController.swift in Sources */ = {isa = PBXBuildFile; fileRef = 46DE63732074058800C998E3 /* PredictController.swift */; };
/* End PBXBuildFile section */

/* Begin PBXCopyFilesBuildPhase section */
		46DE635F2073FAC100C998E3 /* Embed Frameworks */ = {
			isa = PBXCopyFilesBuildPhase;
			buildActionMask = 2147483647;
			dstPath = "";
			dstSubfolderSpec = 10;
			files = (
				46DE635E2073FAC100C998E3 /* PlanetSwift.framework in Embed Frameworks */,
			);
			name = "Embed Frameworks";
			runOnlyForDeploymentPostprocessing = 0;
		};
/* End PBXCopyFilesBuildPhase section */

/* Begin PBXFileReference section */
		4640B7A12075673C002A6EA1 /* TrainController.swift */ = {isa = PBXFileReference; fileEncoding = 4; lastKnownFileType = sourcecode.swift; path = TrainController.swift; sourceTree = "<group>"; };
		465A19912073F80900FC8785 /* MLingredients.app */ = {isa = PBXFileReference; explicitFileType = wrapper.application; includeInIndex = 0; path = MLingredients.app; sourceTree = BUILT_PRODUCTS_DIR; };
		465A19992073F80A00FC8785 /* Base */ = {isa = PBXFileReference; lastKnownFileType = file.storyboard; name = Base; path = Base.lproj/Main.storyboard; sourceTree = "<group>"; };
		465A199B2073F80A00FC8785 /* Assets.xcassets */ = {isa = PBXFileReference; lastKnownFileType = folder.assetcatalog; path = Assets.xcassets; sourceTree = "<group>"; };
		465A199E2073F80A00FC8785 /* Base */ = {isa = PBXFileReference; lastKnownFileType = file.storyboard; name = Base; path = Base.lproj/LaunchScreen.storyboard; sourceTree = "<group>"; };
		465A19A02073F80A00FC8785 /* Info.plist */ = {isa = PBXFileReference; lastKnownFileType = text.plist.xml; path = Info.plist; sourceTree = "<group>"; };
		46DE635C2073FAAF00C998E3 /* PlanetSwift.framework */ = {isa = PBXFileReference; explicitFileType = wrapper.framework; path = PlanetSwift.framework; sourceTree = BUILT_PRODUCTS_DIR; };
		46DE6361207404FC00C998E3 /* AppDelegate.swift */ = {isa = PBXFileReference; fileEncoding = 4; lastKnownFileType = sourcecode.swift; path = AppDelegate.swift; sourceTree = "<group>"; };
		46DE6363207404FC00C998E3 /* MainController.swift */ = {isa = PBXFileReference; fileEncoding = 4; lastKnownFileType = sourcecode.swift; path = MainController.swift; sourceTree = "<group>"; };
		46DE63662074051C00C998E3 /* Assets */ = {isa = PBXFileReference; lastKnownFileType = folder; path = Assets; sourceTree = "<group>"; };
		46DE636A2074058000C998E3 /* CameraCaptureHelper.swift */ = {isa = PBXFileReference; fileEncoding = 4; lastKnownFileType = sourcecode.swift; path = CameraCaptureHelper.swift; sourceTree = "<group>"; };
		46DE636B2074058000C998E3 /* UIControl+Closures.swift */ = {isa = PBXFileReference; fileEncoding = 4; lastKnownFileType = sourcecode.swift; path = "UIControl+Closures.swift"; sourceTree = "<group>"; };
		46DE636C2074058000C998E3 /* UIView+FillSuperview.swift */ = {isa = PBXFileReference; fileEncoding = 4; lastKnownFileType = sourcecode.swift; path = "UIView+FillSuperview.swift"; sourceTree = "<group>"; };
		46DE636D2074058000C998E3 /* String+ASCII.swift */ = {isa = PBXFileReference; fileEncoding = 4; lastKnownFileType = sourcecode.swift; path = "String+ASCII.swift"; sourceTree = "<group>"; };
		46DE63732074058800C998E3 /* PredictController.swift */ = {isa = PBXFileReference; fileEncoding = 4; lastKnownFileType = sourcecode.swift; path = PredictController.swift; sourceTree = "<group>"; };
/* End PBXFileReference section */

/* Begin PBXFrameworksBuildPhase section */
		465A198E2073F80900FC8785 /* Frameworks */ = {
			isa = PBXFrameworksBuildPhase;
			buildActionMask = 2147483647;
			files = (
				46DE635D2073FAC100C998E3 /* PlanetSwift.framework in Frameworks */,
				46DE635B2073FAAF00C998E3 /* PlanetSwift.framework in Frameworks */,
			);
			runOnlyForDeploymentPostprocessing = 0;
		};
/* End PBXFrameworksBuildPhase section */

/* Begin PBXGroup section */
		4640B7A02075673C002A6EA1 /* train */ = {
			isa = PBXGroup;
			children = (
				4640B7A12075673C002A6EA1 /* TrainController.swift */,
			);
			path = train;
			sourceTree = "<group>";
		};
		465A19882073F80900FC8785 = {
			isa = PBXGroup;
			children = (
				465A19932073F80900FC8785 /* MLingredients */,
				465A19922073F80900FC8785 /* Products */,
				46DE635A2073FAAF00C998E3 /* Frameworks */,
			);
			sourceTree = "<group>";
		};
		465A19922073F80900FC8785 /* Products */ = {
			isa = PBXGroup;
			children = (
				465A19912073F80900FC8785 /* MLingredients.app */,
			);
			name = Products;
			sourceTree = "<group>";
		};
		465A19932073F80900FC8785 /* MLingredients */ = {
			isa = PBXGroup;
			children = (
				46DE63662074051C00C998E3 /* Assets */,
				46DE6360207404FC00C998E3 /* Source */,
				465A19982073F80A00FC8785 /* Main.storyboard */,
				465A199B2073F80A00FC8785 /* Assets.xcassets */,
				465A199D2073F80A00FC8785 /* LaunchScreen.storyboard */,
				465A19A02073F80A00FC8785 /* Info.plist */,
			);
			path = MLingredients;
			sourceTree = "<group>";
		};
		46DE635A2073FAAF00C998E3 /* Frameworks */ = {
			isa = PBXGroup;
			children = (
				46DE635C2073FAAF00C998E3 /* PlanetSwift.framework */,
			);
			name = Frameworks;
			sourceTree = "<group>";
		};
		46DE6360207404FC00C998E3 /* Source */ = {
			isa = PBXGroup;
			children = (
				46DE6361207404FC00C998E3 /* AppDelegate.swift */,
				46DE636A2074058000C998E3 /* CameraCaptureHelper.swift */,
				46DE636D2074058000C998E3 /* String+ASCII.swift */,
				46DE636B2074058000C998E3 /* UIControl+Closures.swift */,
				46DE636C2074058000C998E3 /* UIView+FillSuperview.swift */,
				4640B7A02075673C002A6EA1 /* train */,
				46DE63722074058800C998E3 /* predict */,
				46DE6362207404FC00C998E3 /* main */,
			);
			path = Source;
			sourceTree = "<group>";
		};
		46DE6362207404FC00C998E3 /* main */ = {
			isa = PBXGroup;
			children = (
				46DE6363207404FC00C998E3 /* MainController.swift */,
			);
			path = main;
			sourceTree = "<group>";
		};
		46DE63722074058800C998E3 /* predict */ = {
			isa = PBXGroup;
			children = (
				46DE63732074058800C998E3 /* PredictController.swift */,
			);
			path = predict;
			sourceTree = "<group>";
		};
/* End PBXGroup section */

/* Begin PBXNativeTarget section */
		465A19902073F80900FC8785 /* MLingredients */ = {
			isa = PBXNativeTarget;
			buildConfigurationList = 465A19A32073F80A00FC8785 /* Build configuration list for PBXNativeTarget "MLingredients" */;
			buildPhases = (
				465A198D2073F80900FC8785 /* Sources */,
				465A198E2073F80900FC8785 /* Frameworks */,
				465A198F2073F80900FC8785 /* Resources */,
				46DE635F2073FAC100C998E3 /* Embed Frameworks */,
			);
			buildRules = (
			);
			dependencies = (
			);
			name = MLingredients;
			productName = MLingredients;
			productReference = 465A19912073F80900FC8785 /* MLingredients.app */;
			productType = "com.apple.product-type.application";
		};
/* End PBXNativeTarget section */

/* Begin PBXProject section */
		465A19892073F80900FC8785 /* Project object */ = {
			isa = PBXProject;
			attributes = {
				LastSwiftUpdateCheck = 0920;
				LastUpgradeCheck = 0920;
				ORGANIZATIONNAME = "Rocco Bowling";
				TargetAttributes = {
					465A19902073F80900FC8785 = {
						CreatedOnToolsVersion = 9.2;
						ProvisioningStyle = Automatic;
					};
				};
			};
			buildConfigurationList = 465A198C2073F80900FC8785 /* Build configuration list for PBXProject "MLingredients" */;
			compatibilityVersion = "Xcode 8.0";
			developmentRegion = en;
			hasScannedForEncodings = 0;
			knownRegions = (
				en,
				Base,
			);
			mainGroup = 465A19882073F80900FC8785;
			productRefGroup = 465A19922073F80900FC8785 /* Products */;
			projectDirPath = "";
			projectRoot = "";
			targets = (
				465A19902073F80900FC8785 /* MLingredients */,
			);
		};
/* End PBXProject section */

/* Begin PBXResourcesBuildPhase section */
		465A198F2073F80900FC8785 /* Resources */ = {
			isa = PBXResourcesBuildPhase;
			buildActionMask = 2147483647;
			files = (
				465A199F2073F80A00FC8785 /* LaunchScreen.storyboard in Resources */,
				46DE63672074051C00C998E3 /* Assets in Resources */,
				465A199C2073F80A00FC8785 /* Assets.xcassets in Resources */,
				465A199A2073F80A00FC8785 /* Main.storyboard in Resources */,
			);
			runOnlyForDeploymentPostprocessing = 0;
		};
/* End PBXResourcesBuildPhase section */

/* Begin PBXSourcesBuildPhase section */
		465A198D2073F80900FC8785 /* Sources */ = {
			isa = PBXSourcesBuildPhase;
			buildActionMask = 2147483647;
			files = (
				46DE636E2074058000C998E3 /* CameraCaptureHelper.swift in Sources */,
				46DE636F2074058000C998E3 /* UIControl+Closures.swift in Sources */,
				4640B7A22075673C002A6EA1 /* TrainController.swift in Sources */,
				46DE63702074058000C998E3 /* UIView+FillSuperview.swift in Sources */,
				46DE6365207404FC00C998E3 /* MainController.swift in Sources */,
				46DE63712074058000C998E3 /* String+ASCII.swift in Sources */,
				46DE6364207404FC00C998E3 /* AppDelegate.swift in Sources */,
				46DE63742074058800C998E3 /* PredictController.swift in Sources */,
			);
			runOnlyForDeploymentPostprocessing = 0;
		};
/* End PBXSourcesBuildPhase section */

/* Begin PBXVariantGroup section */
		465A19982073F80A00FC8785 /* Main.storyboard */ = {
			isa = PBXVariantGroup;
			children = (
				465A19992073F80A00FC8785 /* Base */,
			);
			name = Main.storyboard;
			sourceTree = "<group>";
		};
		465A199D2073F80A00FC8785 /* LaunchScreen.storyboard */ = {
			isa = PBXVariantGroup;
			children = (
				465A199E2073F80A00FC8785 /* Base */,
			);
			name = LaunchScreen.storyboard;
			sourceTree = "<group>";
		};
/* End PBXVariantGroup section */

/* Begin XCBuildConfiguration section */
		465A19A12073F80A00FC8785 /* Debug */ = {
			isa = XCBuildConfiguration;
			buildSettings = {
				ALWAYS_SEARCH_USER_PATHS = NO;
				CLANG_ANALYZER_NONNULL = YES;
				CLANG_ANALYZER_NUMBER_OBJECT_CONVERSION = YES_AGGRESSIVE;
				CLANG_CXX_LANGUAGE_STANDARD = "gnu++14";
				CLANG_CXX_LIBRARY = "libc++";
				CLANG_ENABLE_MODULES = YES;
				CLANG_ENABLE_OBJC_ARC = YES;
				CLANG_WARN_BLOCK_CAPTURE_AUTORELEASING = YES;
				CLANG_WARN_BOOL_CONVERSION = YES;
				CLANG_WARN_COMMA = YES;
				CLANG_WARN_CONSTANT_CONVERSION = YES;
				CLANG_WARN_DIRECT_OBJC_ISA_USAGE = YES_ERROR;
				CLANG_WARN_DOCUMENTATION_COMMENTS = YES;
				CLANG_WARN_EMPTY_BODY = YES;
				CLANG_WARN_ENUM_CONVERSION = YES;
				CLANG_WARN_INFINITE_RECURSION = YES;
				CLANG_WARN_INT_CONVERSION = YES;
				CLANG_WARN_NON_LITERAL_NULL_CONVERSION = YES;
				CLANG_WARN_OBJC_LITERAL_CONVERSION = YES;
				CLANG_WARN_OBJC_ROOT_CLASS = YES_ERROR;
				CLANG_WARN_RANGE_LOOP_ANALYSIS = YES;
				CLANG_WARN_STRICT_PROTOTYPES = YES;
				CLANG_WARN_SUSPICIOUS_MOVE = YES;
				CLANG_WARN_UNGUARDED_AVAILABILITY = YES_AGGRESSIVE;
				CLANG_WARN_UNREACHABLE_CODE = YES;
				CLANG_WARN__DUPLICATE_METHOD_MATCH = YES;
				CODE_SIGN_IDENTITY = "iPhone Developer";
				COPY_PHASE_STRIP = NO;
				DEBUG_INFORMATION_FORMAT = dwarf;
				ENABLE_STRICT_OBJC_MSGSEND = YES;
				ENABLE_TESTABILITY = YES;
				GCC_C_LANGUAGE_STANDARD = gnu11;
				GCC_DYNAMIC_NO_PIC = NO;
				GCC_NO_COMMON_BLOCKS = YES;
				GCC_OPTIMIZATION_LEVEL = 0;
				GCC_PREPROCESSOR_DEFINITIONS = (
					"DEBUG=1",
					"$(inherited)",
				);
				GCC_WARN_64_TO_32_BIT_CONVERSION = YES;
				GCC_WARN_ABOUT_RETURN_TYPE = YES_ERROR;
				GCC_WARN_UNDECLARED_SELECTOR = YES;
				GCC_WARN_UNINITIALIZED_AUTOS = YES_AGGRESSIVE;
				GCC_WARN_UNUSED_FUNCTION = YES;
				GCC_WARN_UNUSED_VARIABLE = YES;
				IPHONEOS_DEPLOYMENT_TARGET = 11.2;
				MTL_ENABLE_DEBUG_INFO = YES;
				ONLY_ACTIVE_ARCH = YES;
				SDKROOT = iphoneos;
				SWIFT_ACTIVE_COMPILATION_CONDITIONS = DEBUG;
				SWIFT_OPTIMIZATION_LEVEL = "-Onone";
			};
			name = Debug;
		};
		465A19A22073F80A00FC8785 /* Release */ = {
			isa = XCBuildConfiguration;
			buildSettings = {
				ALWAYS_SEARCH_USER_PATHS = NO;
				CLANG_ANALYZER_NONNULL = YES;
				CLANG_ANALYZER_NUMBER_OBJECT_CONVERSION = YES_AGGRESSIVE;
				CLANG_CXX_LANGUAGE_STANDARD = "gnu++14";
				CLANG_CXX_LIBRARY = "libc++";
				CLANG_ENABLE_MODULES = YES;
				CLANG_ENABLE_OBJC_ARC = YES;
				CLANG_WARN_BLOCK_CAPTURE_AUTORELEASING = YES;
				CLANG_WARN_BOOL_CONVERSION = YES;
				CLANG_WARN_COMMA = YES;
				CLANG_WARN_CONSTANT_CONVERSION = YES;
				CLANG_WARN_DIRECT_OBJC_ISA_USAGE = YES_ERROR;
				CLANG_WARN_DOCUMENTATION_COMMENTS = YES;
				CLANG_WARN_EMPTY_BODY = YES;
				CLANG_WARN_ENUM_CONVERSION = YES;
				CLANG_WARN_INFINITE_RECURSION = YES;
				CLANG_WARN_INT_CONVERSION = YES;
				CLANG_WARN_NON_LITERAL_NULL_CONVERSION = YES;
				CLANG_WARN_OBJC_LITERAL_CONVERSION = YES;
				CLANG_WARN_OBJC_ROOT_CLASS = YES_ERROR;
				CLANG_WARN_RANGE_LOOP_ANALYSIS = YES;
				CLANG_WARN_STRICT_PROTOTYPES = YES;
				CLANG_WARN_SUSPICIOUS_MOVE = YES;
				CLANG_WARN_UNGUARDED_AVAILABILITY = YES_AGGRESSIVE;
				CLANG_WARN_UNREACHABLE_CODE = YES;
				CLANG_WARN__DUPLICATE_METHOD_MATCH = YES;
				CODE_SIGN_IDENTITY = "iPhone Developer";
				COPY_PHASE_STRIP = NO;
				DEBUG_INFORMATION_FORMAT = "dwarf-with-dsym";
				ENABLE_NS_ASSERTIONS = NO;
				ENABLE_STRICT_OBJC_MSGSEND = YES;
				GCC_C_LANGUAGE_STANDARD = gnu11;
				GCC_NO_COMMON_BLOCKS = YES;
				GCC_WARN_64_TO_32_BIT_CONVERSION = YES;
				GCC_WARN_ABOUT_RETURN_TYPE = YES_ERROR;
				GCC_WARN_UNDECLARED_SELECTOR = YES;
				GCC_WARN_UNINITIALIZED_AUTOS = YES_AGGRESSIVE;
				GCC_WARN_UNUSED_FUNCTION = YES;
				GCC_WARN_UNUSED_VARIABLE = YES;
				IPHONEOS_DEPLOYMENT_TARGET = 11.2;
				MTL_ENABLE_DEBUG_INFO = NO;
				SDKROOT = iphoneos;
				SWIFT_OPTIMIZATION_LEVEL = "-Owholemodule";
				VALIDATE_PRODUCT = YES;
			};
			name = Release;
		};
		465A19A42073F80A00FC8785 /* Debug */ = {
			isa = XCBuildConfiguration;
			buildSettings = {
				ASSETCATALOG_COMPILER_APPICON_NAME = AppIcon;
				CODE_SIGN_STYLE = Automatic;
				DEVELOPMENT_TEAM = A3LA43YQN5;
				INFOPLIST_FILE = MLingredients/Info.plist;
				LD_RUNPATH_SEARCH_PATHS = "$(inherited) @executable_path/Frameworks";
				PRODUCT_BUNDLE_IDENTIFIER = com.chimerasw.MLingredients;
				PRODUCT_NAME = "$(TARGET_NAME)";
				SWIFT_VERSION = 4.0;
				TARGETED_DEVICE_FAMILY = "1,2";
			};
			name = Debug;
		};
		465A19A52073F80A00FC8785 /* Release */ = {
			isa = XCBuildConfiguration;
			buildSettings = {
				ASSETCATALOG_COMPILER_APPICON_NAME = AppIcon;
				CODE_SIGN_STYLE = Automatic;
				DEVELOPMENT_TEAM = A3LA43YQN5;
				INFOPLIST_FILE = MLingredients/Info.plist;
				LD_RUNPATH_SEARCH_PATHS = "$(inherited) @executable_path/Frameworks";
				PRODUCT_BUNDLE_IDENTIFIER = com.chimerasw.MLingredients;
				PRODUCT_NAME = "$(TARGET_NAME)";
				SWIFT_VERSION = 4.0;
				TARGETED_DEVICE_FAMILY = "1,2";
			};
			name = Release;
		};
/* End XCBuildConfiguration section */

/* Begin XCConfigurationList section */
		465A198C2073F80900FC8785 /* Build configuration list for PBXProject "MLingredients" */ = {
			isa = XCConfigurationList;
			buildConfigurations = (
				465A19A12073F80A00FC8785 /* Debug */,
				465A19A22073F80A00FC8785 /* Release */,
			);
			defaultConfigurationIsVisible = 0;
			defaultConfigurationName = Release;
		};
		465A19A32073F80A00FC8785 /* Build configuration list for PBXNativeTarget "MLingredients" */ = {
			isa = XCConfigurationList;
			buildConfigurations = (
				465A19A42073F80A00FC8785 /* Debug */,
				465A19A52073F80A00FC8785 /* Release */,
			);
			defaultConfigurationIsVisible = 0;
			defaultConfigurationName = Release;
		};
/* End XCConfigurationList section */
	};
	rootObject = 465A19892073F80900FC8785 /* Project object */;
}
